
Microsoft Visual Studio Solution File, Format Version 12.00
# Visual Studio Version 16
VisualStudioVersion = 16.0.29311.281
MinimumVisualStudioVersion = 10.0.40219.1
Project("{FAE04EC0-301F-11D3-BF4B-00C04F79EFBC}") = "Add-On-CHY_Production", "Add-On-CHY_Production.csproj", "{9214DFA4-E4BE-4409-9D6B-96DD4C145794}"
EndProject
Global
	GlobalSection(SolutionConfigurationPlatforms) = preSolution
		Debug|Any CPU = Debug|Any CPU
		Debug|x64 = Debug|x64
		Debug|x86 = Debug|x86
		Release|Any CPU = Release|Any CPU
		Release|x64 = Release|x64
		Release|x86 = Release|x86
	EndGlobalSection
	GlobalSection(ProjectConfigurationPlatforms) = postSolution
		{9214DFA4-E4BE-4409-9D6B-96DD4C145794}.Debug|Any CPU.ActiveCfg = Debug|Any CPU
		{9214DFA4-E4BE-4409-9D6B-96DD4C145794}.Debug|Any CPU.Build.0 = Debug|Any CPU
		{9214DFA4-E4BE-4409-9D6B-96DD4C145794}.Debug|x64.ActiveCfg = Debug|x64
		{9214DFA4-E4BE-4409-9D6B-96DD4C145794}.Debug|x64.Build.0 = Debug|x64
		{9214DFA4-E4BE-4409-9D6B-96DD4C145794}.Debug|x86.ActiveCfg = Debug|x86
		{9214DFA4-E4BE-4409-9D6B-96DD4C145794}.Debug|x86.Build.0 = Debug|x86
		{9214DFA4-E4BE-4409-9D6B-96DD4C145794}.Release|Any CPU.ActiveCfg = Release|Any CPU
		{9214DFA4-E4BE-4409-9D6B-96DD4C145794}.Release|Any CPU.Build.0 = Release|Any CPU
		{9214DFA4-E4BE-4409-9D6B-96DD4C145794}.Release|x64.ActiveCfg = Release|x64
		{9214DFA4-E4BE-4409-9D6B-96DD4C145794}.Release|x64.Build.0 = Release|x64
		{9214DFA4-E4BE-4409-9D6B-96DD4C145794}.Release|x86.ActiveCfg = Release|x86
		{9214DFA4-E4BE-4409-9D6B-96DD4C145794}.Release|x86.Build.0 = Release|x86
	EndGlobalSection
	GlobalSection(SolutionProperties) = preSolution
		HideSolutionNode = FALSE
	EndGlobalSection
	GlobalSection(ExtensibilityGlobals) = postSolution
		SolutionGuid = {1B2B5FF4-97B9-480D-96EA-78B193D97A38}
	EndGlobalSection
EndGlobal
